
Microsoft Visual Studio Solution File, Format Version 12.00
# Visual Studio Version 16
VisualStudioVersion = 16.0.29201.188
MinimumVisualStudioVersion = 10.0.40219.1
Project("{FAE04EC0-301F-11D3-BF4B-00C04F79EFBC}") = "BibliotecaAsilo", "BibliotecaAsilo\BibliotecaAsilo.csproj", "{1E945A3E-B889-4689-A85A-1524B628DD2E}"
EndProject
Project("{FAE04EC0-301F-11D3-BF4B-00C04F79EFBC}") = "Bambini", "Bambini\Bambini.csproj", "{784A973A-5685-4330-A84A-7C9634F8F3D6}"
EndProject
Project("{FAE04EC0-301F-11D3-BF4B-00C04F79EFBC}") = "Maestre", "Maestre\Maestre.csproj", "{A2F02186-4064-4A5D-8165-77050EAD541E}"
EndProject
Project("{2150E333-8FDC-42A3-9474-1A3956D46DE8}") = "Classes", "Classes", "{A7922E95-770E-4AF1-BADB-F8F40A4CD998}"
	ProjectSection(SolutionItems) = preProject
		Bambino.cs = Bambino.cs
		Genere.cs = Genere.cs
		Libro.cs = Libro.cs
		Transazione.cs = Transazione.cs
	EndProjectSection
EndProject
Global
	GlobalSection(SolutionConfigurationPlatforms) = preSolution
		Debug|Any CPU = Debug|Any CPU
		Release|Any CPU = Release|Any CPU
	EndGlobalSection
	GlobalSection(ProjectConfigurationPlatforms) = postSolution
		{1E945A3E-B889-4689-A85A-1524B628DD2E}.Debug|Any CPU.ActiveCfg = Debug|Any CPU
		{1E945A3E-B889-4689-A85A-1524B628DD2E}.Debug|Any CPU.Build.0 = Debug|Any CPU
		{1E945A3E-B889-4689-A85A-1524B628DD2E}.Release|Any CPU.ActiveCfg = Release|Any CPU
		{1E945A3E-B889-4689-A85A-1524B628DD2E}.Release|Any CPU.Build.0 = Release|Any CPU
		{784A973A-5685-4330-A84A-7C9634F8F3D6}.Debug|Any CPU.ActiveCfg = Debug|Any CPU
		{784A973A-5685-4330-A84A-7C9634F8F3D6}.Debug|Any CPU.Build.0 = Debug|Any CPU
		{784A973A-5685-4330-A84A-7C9634F8F3D6}.Release|Any CPU.ActiveCfg = Release|Any CPU
		{784A973A-5685-4330-A84A-7C9634F8F3D6}.Release|Any CPU.Build.0 = Release|Any CPU
		{A2F02186-4064-4A5D-8165-77050EAD541E}.Debug|Any CPU.ActiveCfg = Debug|Any CPU
		{A2F02186-4064-4A5D-8165-77050EAD541E}.Debug|Any CPU.Build.0 = Debug|Any CPU
		{A2F02186-4064-4A5D-8165-77050EAD541E}.Release|Any CPU.ActiveCfg = Release|Any CPU
		{A2F02186-4064-4A5D-8165-77050EAD541E}.Release|Any CPU.Build.0 = Release|Any CPU
	EndGlobalSection
	GlobalSection(SolutionProperties) = preSolution
		HideSolutionNode = FALSE
	EndGlobalSection
	GlobalSection(ExtensibilityGlobals) = postSolution
		SolutionGuid = {DE21F8FB-A6B5-43F6-808C-EF2C720B198C}
	EndGlobalSection
EndGlobal
